
Microsoft Visual Studio Solution File, Format Version 12.00
# Visual Studio Version 17
VisualStudioVersion = 17.14.36414.22
MinimumVisualStudioVersion = 10.0.40219.1
Project("{8BC9CEB8-8B4A-11D0-8D11-00A0C91BC942}") = "00-01", "00-01\00-01.vcxproj", "{D25D270C-6733-417E-8E10-529FEB3BD868}"
EndProject
Project("{2150E333-8FDC-42A3-9474-1A3956D46DE8}") = "ソリューション項目", "ソリューション項目", "{2022CB0F-8BAF-F49E-0C48-8EF4C96EC109}"
	ProjectSection(SolutionItems) = preProject
		.editorconfig = .editorconfig
	EndProjectSection
EndProject
Project("{8BC9CEB8-8B4A-11D0-8D11-00A0C91BC942}") = "01-01", "01-01\01-01.vcxproj", "{07CAA19D-1DBC-464C-8F52-B1CF308CA9EF}"
EndProject
Project("{8BC9CEB8-8B4A-11D0-8D11-00A0C91BC942}") = "02-01", "02-01\02-01.vcxproj", "{F680FBEC-7260-4C60-9325-F4E52628C5DC}"
EndProject
Project("{8BC9CEB8-8B4A-11D0-8D11-00A0C91BC942}") = "01-02", "01-02\01-02.vcxproj", "{346634FB-FE63-4A1B-8908-997E2EE081EA}"
EndProject
Project("{8BC9CEB8-8B4A-11D0-8D11-00A0C91BC942}") = "02-02", "02-02\02-02.vcxproj", "{B717946E-7A88-45C9-BB8E-32FBD2ACDCCB}"
EndProject
Project("{8BC9CEB8-8B4A-11D0-8D11-00A0C91BC942}") = "02-03", "02-03\02-03.vcxproj", "{6A7AE334-37AD-42E7-8E89-A8898ACA1656}"
EndProject
Project("{8BC9CEB8-8B4A-11D0-8D11-00A0C91BC942}") = "02-04", "02-04\02-04.vcxproj", "{C12648D7-1AC6-4DE1-B2B9-69A71149249D}"
EndProject
Project("{8BC9CEB8-8B4A-11D0-8D11-00A0C91BC942}") = "03-01", "03-01\03-01.vcxproj", "{5C65032C-5FFC-484E-8DFE-38DDEAB938AE}"
EndProject
Project("{8BC9CEB8-8B4A-11D0-8D11-00A0C91BC942}") = "03-02", "03-02\03-02.vcxproj", "{7DC7BC9F-A853-448B-B3B5-52929D10D15D}"
EndProject
Project("{8BC9CEB8-8B4A-11D0-8D11-00A0C91BC942}") = "03-03", "03-03\03-03.vcxproj", "{A89AFF47-C996-4C70-814D-836663A06388}"
EndProject
Project("{8BC9CEB8-8B4A-11D0-8D11-00A0C91BC942}") = "03-04", "03-04\03-04.vcxproj", "{28D26E34-99AB-40CE-BAAD-1EA7B8F6B7BC}"
EndProject
Global
	GlobalSection(SolutionConfigurationPlatforms) = preSolution
		Debug|x64 = Debug|x64
		Debug|x86 = Debug|x86
		Release|x64 = Release|x64
		Release|x86 = Release|x86
	EndGlobalSection
	GlobalSection(ProjectConfigurationPlatforms) = postSolution
		{D25D270C-6733-417E-8E10-529FEB3BD868}.Debug|x64.ActiveCfg = Debug|x64
		{D25D270C-6733-417E-8E10-529FEB3BD868}.Debug|x64.Build.0 = Debug|x64
		{D25D270C-6733-417E-8E10-529FEB3BD868}.Debug|x86.ActiveCfg = Debug|Win32
		{D25D270C-6733-417E-8E10-529FEB3BD868}.Debug|x86.Build.0 = Debug|Win32
		{D25D270C-6733-417E-8E10-529FEB3BD868}.Release|x64.ActiveCfg = Release|x64
		{D25D270C-6733-417E-8E10-529FEB3BD868}.Release|x64.Build.0 = Release|x64
		{D25D270C-6733-417E-8E10-529FEB3BD868}.Release|x86.ActiveCfg = Release|Win32
		{D25D270C-6733-417E-8E10-529FEB3BD868}.Release|x86.Build.0 = Release|Win32
		{07CAA19D-1DBC-464C-8F52-B1CF308CA9EF}.Debug|x64.ActiveCfg = Debug|x64
		{07CAA19D-1DBC-464C-8F52-B1CF308CA9EF}.Debug|x64.Build.0 = Debug|x64
		{07CAA19D-1DBC-464C-8F52-B1CF308CA9EF}.Debug|x86.ActiveCfg = Debug|Win32
		{07CAA19D-1DBC-464C-8F52-B1CF308CA9EF}.Debug|x86.Build.0 = Debug|Win32
		{07CAA19D-1DBC-464C-8F52-B1CF308CA9EF}.Release|x64.ActiveCfg = Release|x64
		{07CAA19D-1DBC-464C-8F52-B1CF308CA9EF}.Release|x64.Build.0 = Release|x64
		{07CAA19D-1DBC-464C-8F52-B1CF308CA9EF}.Release|x86.ActiveCfg = Release|Win32
		{07CAA19D-1DBC-464C-8F52-B1CF308CA9EF}.Release|x86.Build.0 = Release|Win32
		{F680FBEC-7260-4C60-9325-F4E52628C5DC}.Debug|x64.ActiveCfg = Debug|x64
		{F680FBEC-7260-4C60-9325-F4E52628C5DC}.Debug|x64.Build.0 = Debug|x64
		{F680FBEC-7260-4C60-9325-F4E52628C5DC}.Debug|x86.ActiveCfg = Debug|Win32
		{F680FBEC-7260-4C60-9325-F4E52628C5DC}.Debug|x86.Build.0 = Debug|Win32
		{F680FBEC-7260-4C60-9325-F4E52628C5DC}.Release|x64.ActiveCfg = Release|x64
		{F680FBEC-7260-4C60-9325-F4E52628C5DC}.Release|x64.Build.0 = Release|x64
		{F680FBEC-7260-4C60-9325-F4E52628C5DC}.Release|x86.ActiveCfg = Release|Win32
		{F680FBEC-7260-4C60-9325-F4E52628C5DC}.Release|x86.Build.0 = Release|Win32
		{346634FB-FE63-4A1B-8908-997E2EE081EA}.Debug|x64.ActiveCfg = Debug|x64
		{346634FB-FE63-4A1B-8908-997E2EE081EA}.Debug|x64.Build.0 = Debug|x64
		{346634FB-FE63-4A1B-8908-997E2EE081EA}.Debug|x86.ActiveCfg = Debug|Win32
		{346634FB-FE63-4A1B-8908-997E2EE081EA}.Debug|x86.Build.0 = Debug|Win32
		{346634FB-FE63-4A1B-8908-997E2EE081EA}.Release|x64.ActiveCfg = Release|x64
		{346634FB-FE63-4A1B-8908-997E2EE081EA}.Release|x64.Build.0 = Release|x64
		{346634FB-FE63-4A1B-8908-997E2EE081EA}.Release|x86.ActiveCfg = Release|Win32
		{346634FB-FE63-4A1B-8908-997E2EE081EA}.Release|x86.Build.0 = Release|Win32
		{B717946E-7A88-45C9-BB8E-32FBD2ACDCCB}.Debug|x64.ActiveCfg = Debug|x64
		{B717946E-7A88-45C9-BB8E-32FBD2ACDCCB}.Debug|x64.Build.0 = Debug|x64
		{B717946E-7A88-45C9-BB8E-32FBD2ACDCCB}.Debug|x86.ActiveCfg = Debug|Win32
		{B717946E-7A88-45C9-BB8E-32FBD2ACDCCB}.Debug|x86.Build.0 = Debug|Win32
		{B717946E-7A88-45C9-BB8E-32FBD2ACDCCB}.Release|x64.ActiveCfg = Release|x64
		{B717946E-7A88-45C9-BB8E-32FBD2ACDCCB}.Release|x64.Build.0 = Release|x64
		{B717946E-7A88-45C9-BB8E-32FBD2ACDCCB}.Release|x86.ActiveCfg = Release|Win32
		{B717946E-7A88-45C9-BB8E-32FBD2ACDCCB}.Release|x86.Build.0 = Release|Win32
		{6A7AE334-37AD-42E7-8E89-A8898ACA1656}.Debug|x64.ActiveCfg = Debug|x64
		{6A7AE334-37AD-42E7-8E89-A8898ACA1656}.Debug|x64.Build.0 = Debug|x64
		{6A7AE334-37AD-42E7-8E89-A8898ACA1656}.Debug|x86.ActiveCfg = Debug|Win32
		{6A7AE334-37AD-42E7-8E89-A8898ACA1656}.Debug|x86.Build.0 = Debug|Win32
		{6A7AE334-37AD-42E7-8E89-A8898ACA1656}.Release|x64.ActiveCfg = Release|x64
		{6A7AE334-37AD-42E7-8E89-A8898ACA1656}.Release|x64.Build.0 = Release|x64
		{6A7AE334-37AD-42E7-8E89-A8898ACA1656}.Release|x86.ActiveCfg = Release|Win32
		{6A7AE334-37AD-42E7-8E89-A8898ACA1656}.Release|x86.Build.0 = Release|Win32
		{C12648D7-1AC6-4DE1-B2B9-69A71149249D}.Debug|x64.ActiveCfg = Debug|x64
		{C12648D7-1AC6-4DE1-B2B9-69A71149249D}.Debug|x64.Build.0 = Debug|x64
		{C12648D7-1AC6-4DE1-B2B9-69A71149249D}.Debug|x86.ActiveCfg = Debug|Win32
		{C12648D7-1AC6-4DE1-B2B9-69A71149249D}.Debug|x86.Build.0 = Debug|Win32
		{C12648D7-1AC6-4DE1-B2B9-69A71149249D}.Release|x64.ActiveCfg = Release|x64
		{C12648D7-1AC6-4DE1-B2B9-69A71149249D}.Release|x64.Build.0 = Release|x64
		{C12648D7-1AC6-4DE1-B2B9-69A71149249D}.Release|x86.ActiveCfg = Release|Win32
		{C12648D7-1AC6-4DE1-B2B9-69A71149249D}.Release|x86.Build.0 = Release|Win32
		{5C65032C-5FFC-484E-8DFE-38DDEAB938AE}.Debug|x64.ActiveCfg = Debug|x64
		{5C65032C-5FFC-484E-8DFE-38DDEAB938AE}.Debug|x64.Build.0 = Debug|x64
		{5C65032C-5FFC-484E-8DFE-38DDEAB938AE}.Debug|x86.ActiveCfg = Debug|Win32
		{5C65032C-5FFC-484E-8DFE-38DDEAB938AE}.Debug|x86.Build.0 = Debug|Win32
		{5C65032C-5FFC-484E-8DFE-38DDEAB938AE}.Release|x64.ActiveCfg = Release|x64
		{5C65032C-5FFC-484E-8DFE-38DDEAB938AE}.Release|x64.Build.0 = Release|x64
		{5C65032C-5FFC-484E-8DFE-38DDEAB938AE}.Release|x86.ActiveCfg = Release|Win32
		{5C65032C-5FFC-484E-8DFE-38DDEAB938AE}.Release|x86.Build.0 = Release|Win32
		{7DC7BC9F-A853-448B-B3B5-52929D10D15D}.Debug|x64.ActiveCfg = Debug|x64
		{7DC7BC9F-A853-448B-B3B5-52929D10D15D}.Debug|x64.Build.0 = Debug|x64
		{7DC7BC9F-A853-448B-B3B5-52929D10D15D}.Debug|x86.ActiveCfg = Debug|Win32
		{7DC7BC9F-A853-448B-B3B5-52929D10D15D}.Debug|x86.Build.0 = Debug|Win32
		{7DC7BC9F-A853-448B-B3B5-52929D10D15D}.Release|x64.ActiveCfg = Release|x64
		{7DC7BC9F-A853-448B-B3B5-52929D10D15D}.Release|x64.Build.0 = Release|x64
		{7DC7BC9F-A853-448B-B3B5-52929D10D15D}.Release|x86.ActiveCfg = Release|Win32
		{7DC7BC9F-A853-448B-B3B5-52929D10D15D}.Release|x86.Build.0 = Release|Win32
		{A89AFF47-C996-4C70-814D-836663A06388}.Debug|x64.ActiveCfg = Debug|x64
		{A89AFF47-C996-4C70-814D-836663A06388}.Debug|x64.Build.0 = Debug|x64
		{A89AFF47-C996-4C70-814D-836663A06388}.Debug|x86.ActiveCfg = Debug|Win32
		{A89AFF47-C996-4C70-814D-836663A06388}.Debug|x86.Build.0 = Debug|Win32
		{A89AFF47-C996-4C70-814D-836663A06388}.Release|x64.ActiveCfg = Release|x64
		{A89AFF47-C996-4C70-814D-836663A06388}.Release|x64.Build.0 = Release|x64
		{A89AFF47-C996-4C70-814D-836663A06388}.Release|x86.ActiveCfg = Release|Win32
		{A89AFF47-C996-4C70-814D-836663A06388}.Release|x86.Build.0 = Release|Win32
		{28D26E34-99AB-40CE-BAAD-1EA7B8F6B7BC}.Debug|x64.ActiveCfg = Debug|x64
		{28D26E34-99AB-40CE-BAAD-1EA7B8F6B7BC}.Debug|x64.Build.0 = Debug|x64
		{28D26E34-99AB-40CE-BAAD-1EA7B8F6B7BC}.Debug|x86.ActiveCfg = Debug|Win32
		{28D26E34-99AB-40CE-BAAD-1EA7B8F6B7BC}.Debug|x86.Build.0 = Debug|Win32
		{28D26E34-99AB-40CE-BAAD-1EA7B8F6B7BC}.Release|x64.ActiveCfg = Release|x64
		{28D26E34-99AB-40CE-BAAD-1EA7B8F6B7BC}.Release|x64.Build.0 = Release|x64
		{28D26E34-99AB-40CE-BAAD-1EA7B8F6B7BC}.Release|x86.ActiveCfg = Release|Win32
		{28D26E34-99AB-40CE-BAAD-1EA7B8F6B7BC}.Release|x86.Build.0 = Release|Win32
	EndGlobalSection
	GlobalSection(SolutionProperties) = preSolution
		HideSolutionNode = FALSE
	EndGlobalSection
	GlobalSection(ExtensibilityGlobals) = postSolution
		SolutionGuid = {8CE0CCA6-1EC4-4340-9790-E8541EA1C0F2}
	EndGlobalSection
EndGlobal
